// !$*UTF8*$!
{
	archiveVersion = 1;
	classes = {
	};
	objectVersion = 77;
	objects = {

/* Begin PBXBuildFile section */
		281E07172E4ED97A00D9AE73 /* GoogleService-Info.plist in Resources */ = {isa = PBXBuildFile; fileRef = 281E07162E4ED97A00D9AE73 /* GoogleService-Info.plist */; };
		281E07182E4ED97A00D9AE73 /* GoogleService-Info.plist in Resources */ = {isa = PBXBuildFile; fileRef = 281E07162E4ED97A00D9AE73 /* GoogleService-Info.plist */; };
		281E07192E4ED97A00D9AE73 /* GoogleService-Info.plist in Resources */ = {isa = PBXBuildFile; fileRef = 281E07162E4ED97A00D9AE73 /* GoogleService-Info.plist */; };
		281E071F2E4EE01500D9AE73 /* FirebaseCore in Frameworks */ = {isa = PBXBuildFile; productRef = 281E071E2E4EE01500D9AE73 /* FirebaseCore */; };
		281E07212E4EE14500D9AE73 /* FirebaseAuth in Frameworks */ = {isa = PBXBuildFile; productRef = 281E07202E4EE14500D9AE73 /* FirebaseAuth */; };
		281E07232E4EE14500D9AE73 /* FirebaseFirestore in Frameworks */ = {isa = PBXBuildFile; productRef = 281E07222E4EE14500D9AE73 /* FirebaseFirestore */; };
/* End PBXBuildFile section */

/* Begin PBXContainerItemProxy section */
		281E06FA2E4ED90600D9AE73 /* PBXContainerItemProxy */ = {
			isa = PBXContainerItemProxy;
			containerPortal = 281E06E42E4ED90400D9AE73 /* Project object */;
			proxyType = 1;
			remoteGlobalIDString = 281E06EB2E4ED90400D9AE73;
			remoteInfo = yabou;
		};
		281E07042E4ED90600D9AE73 /* PBXContainerItemProxy */ = {
			isa = PBXContainerItemProxy;
			containerPortal = 281E06E42E4ED90400D9AE73 /* Project object */;
			proxyType = 1;
			remoteGlobalIDString = 281E06EB2E4ED90400D9AE73;
			remoteInfo = yabou;
		};
/* End PBXContainerItemProxy section */

/* Begin PBXFileReference section */
		281E06EC2E4ED90400D9AE73 /* yabou.app */ = {isa = PBXFileReference; explicitFileType = wrapper.application; includeInIndex = 0; path = yabou.app; sourceTree = BUILT_PRODUCTS_DIR; };
		281E06F92E4ED90600D9AE73 /* yabouTests.xctest */ = {isa = PBXFileReference; explicitFileType = wrapper.cfbundle; includeInIndex = 0; path = yabouTests.xctest; sourceTree = BUILT_PRODUCTS_DIR; };
		281E07032E4ED90600D9AE73 /* yabouUITests.xctest */ = {isa = PBXFileReference; explicitFileType = wrapper.cfbundle; includeInIndex = 0; path = yabouUITests.xctest; sourceTree = BUILT_PRODUCTS_DIR; };
		281E07162E4ED97A00D9AE73 /* GoogleService-Info.plist */ = {isa = PBXFileReference; lastKnownFileType = text.plist.xml; path = "GoogleService-Info.plist"; sourceTree = "<group>"; };
/* End PBXFileReference section */

/* Begin PBXFileSystemSynchronizedBuildFileExceptionSet section */
		281E071C2E4EDB6D00D9AE73 /* Exceptions for "yabou" folder in "yabou" target */ = {
			isa = PBXFileSystemSynchronizedBuildFileExceptionSet;
			membershipExceptions = (
				Info.plist,
			);
			target = 281E06EB2E4ED90400D9AE73 /* yabou */;
		};
/* End PBXFileSystemSynchronizedBuildFileExceptionSet section */

/* Begin PBXFileSystemSynchronizedRootGroup section */
		281E06EE2E4ED90400D9AE73 /* yabou */ = {
			isa = PBXFileSystemSynchronizedRootGroup;
			exceptions = (
				281E071C2E4EDB6D00D9AE73 /* Exceptions for "yabou" folder in "yabou" target */,
			);
			path = yabou;
			sourceTree = "<group>";
		};
		281E06FC2E4ED90600D9AE73 /* yabouTests */ = {
			isa = PBXFileSystemSynchronizedRootGroup;
			path = yabouTests;
			sourceTree = "<group>";
		};
		281E07062E4ED90600D9AE73 /* yabouUITests */ = {
			isa = PBXFileSystemSynchronizedRootGroup;
			path = yabouUITests;
			sourceTree = "<group>";
		};
/* End PBXFileSystemSynchronizedRootGroup section */

/* Begin PBXFrameworksBuildPhase section */
		281E06E92E4ED90400D9AE73 /* Frameworks */ = {
			isa = PBXFrameworksBuildPhase;
			buildActionMask = 2147483647;
			files = (
				281E071F2E4EE01500D9AE73 /* FirebaseCore in Frameworks */,
				281E07212E4EE14500D9AE73 /* FirebaseAuth in Frameworks */,
				281E07232E4EE14500D9AE73 /* FirebaseFirestore in Frameworks */,
			);
			runOnlyForDeploymentPostprocessing = 0;
		};
		281E06F62E4ED90600D9AE73 /* Frameworks */ = {
			isa = PBXFrameworksBuildPhase;
			buildActionMask = 2147483647;
			files = (
			);
			runOnlyForDeploymentPostprocessing = 0;
		};
		281E07002E4ED90600D9AE73 /* Frameworks */ = {
			isa = PBXFrameworksBuildPhase;
			buildActionMask = 2147483647;
			files = (
			);
			runOnlyForDeploymentPostprocessing = 0;
		};
/* End PBXFrameworksBuildPhase section */

/* Begin PBXGroup section */
		281E06E32E4ED90400D9AE73 = {
			isa = PBXGroup;
			children = (
				281E06EE2E4ED90400D9AE73 /* yabou */,
				281E06FC2E4ED90600D9AE73 /* yabouTests */,
				281E07062E4ED90600D9AE73 /* yabouUITests */,
				281E06ED2E4ED90400D9AE73 /* Products */,
				281E07162E4ED97A00D9AE73 /* GoogleService-Info.plist */,
				281E071D2E4EE01500D9AE73 /* Frameworks */,
			);
			sourceTree = "<group>";
		};
		281E06ED2E4ED90400D9AE73 /* Products */ = {
			isa = PBXGroup;
			children = (
				281E06EC2E4ED90400D9AE73 /* yabou.app */,
				281E06F92E4ED90600D9AE73 /* yabouTests.xctest */,
				281E07032E4ED90600D9AE73 /* yabouUITests.xctest */,
			);
			name = Products;
			sourceTree = "<group>";
		};
		281E071D2E4EE01500D9AE73 /* Frameworks */ = {
			isa = PBXGroup;
			children = (
			);
			name = Frameworks;
			sourceTree = "<group>";
		};
/* End PBXGroup section */

/* Begin PBXNativeTarget section */
		281E06EB2E4ED90400D9AE73 /* yabou */ = {
			isa = PBXNativeTarget;
			buildConfigurationList = 281E070D2E4ED90600D9AE73 /* Build configuration list for PBXNativeTarget "yabou" */;
			buildPhases = (
				281E06E82E4ED90400D9AE73 /* Sources */,
				281E06E92E4ED90400D9AE73 /* Frameworks */,
				281E06EA2E4ED90400D9AE73 /* Resources */,
			);
			buildRules = (
			);
			dependencies = (
			);
			fileSystemSynchronizedGroups = (
				281E06EE2E4ED90400D9AE73 /* yabou */,
			);
			name = yabou;
			packageProductDependencies = (
				281E071E2E4EE01500D9AE73 /* FirebaseCore */,
				281E07202E4EE14500D9AE73 /* FirebaseAuth */,
				281E07222E4EE14500D9AE73 /* FirebaseFirestore */,
			);
			productName = yabou;
			productReference = 281E06EC2E4ED90400D9AE73 /* yabou.app */;
			productType = "com.apple.product-type.application";
		};
		281E06F82E4ED90600D9AE73 /* yabouTests */ = {
			isa = PBXNativeTarget;
			buildConfigurationList = 281E07102E4ED90600D9AE73 /* Build configuration list for PBXNativeTarget "yabouTests" */;
			buildPhases = (
				281E06F52E4ED90600D9AE73 /* Sources */,
				281E06F62E4ED90600D9AE73 /* Frameworks */,
				281E06F72E4ED90600D9AE73 /* Resources */,
			);
			buildRules = (
			);
			dependencies = (
				281E06FB2E4ED90600D9AE73 /* PBXTargetDependency */,
			);
			fileSystemSynchronizedGroups = (
				281E06FC2E4ED90600D9AE73 /* yabouTests */,
			);
			name = yabouTests;
			packageProductDependencies = (
			);
			productName = yabouTests;
			productReference = 281E06F92E4ED90600D9AE73 /* yabouTests.xctest */;
			productType = "com.apple.product-type.bundle.unit-test";
		};
		281E07022E4ED90600D9AE73 /* yabouUITests */ = {
			isa = PBXNativeTarget;
			buildConfigurationList = 281E07132E4ED90600D9AE73 /* Build configuration list for PBXNativeTarget "yabouUITests" */;
			buildPhases = (
				281E06FF2E4ED90600D9AE73 /* Sources */,
				281E07002E4ED90600D9AE73 /* Frameworks */,
				281E07012E4ED90600D9AE73 /* Resources */,
			);
			buildRules = (
			);
			dependencies = (
				281E07052E4ED90600D9AE73 /* PBXTargetDependency */,
			);
			fileSystemSynchronizedGroups = (
				281E07062E4ED90600D9AE73 /* yabouUITests */,
			);
			name = yabouUITests;
			packageProductDependencies = (
			);
			productName = yabouUITests;
			productReference = 281E07032E4ED90600D9AE73 /* yabouUITests.xctest */;
			productType = "com.apple.product-type.bundle.ui-testing";
		};
/* End PBXNativeTarget section */

/* Begin PBXProject section */
		281E06E42E4ED90400D9AE73 /* Project object */ = {
			isa = PBXProject;
			attributes = {
				BuildIndependentTargetsInParallel = 1;
				LastSwiftUpdateCheck = 1640;
				LastUpgradeCheck = 1640;
				TargetAttributes = {
					281E06EB2E4ED90400D9AE73 = {
						CreatedOnToolsVersion = 16.4;
					};
					281E06F82E4ED90600D9AE73 = {
						CreatedOnToolsVersion = 16.4;
						TestTargetID = 281E06EB2E4ED90400D9AE73;
					};
					281E07022E4ED90600D9AE73 = {
						CreatedOnToolsVersion = 16.4;
						TestTargetID = 281E06EB2E4ED90400D9AE73;
					};
				};
			};
			buildConfigurationList = 281E06E72E4ED90400D9AE73 /* Build configuration list for PBXProject "yabou" */;
			developmentRegion = en;
			hasScannedForEncodings = 0;
			knownRegions = (
				en,
				Base,
			);
			mainGroup = 281E06E32E4ED90400D9AE73;
			minimizedProjectReferenceProxies = 1;
			packageReferences = (
				281E071A2E4EDABF00D9AE73 /* XCRemoteSwiftPackageReference "firebase-ios-sdk" */,
			);
			preferredProjectObjectVersion = 77;
			productRefGroup = 281E06ED2E4ED90400D9AE73 /* Products */;
			projectDirPath = "";
			projectRoot = "";
			targets = (
				281E06EB2E4ED90400D9AE73 /* yabou */,
				281E06F82E4ED90600D9AE73 /* yabouTests */,
				281E07022E4ED90600D9AE73 /* yabouUITests */,
			);
		};
/* End PBXProject section */

/* Begin PBXResourcesBuildPhase section */
		281E06EA2E4ED90400D9AE73 /* Resources */ = {
			isa = PBXResourcesBuildPhase;
			buildActionMask = 2147483647;
			files = (
				281E07182E4ED97A00D9AE73 /* GoogleService-Info.plist in Resources */,
			);
			runOnlyForDeploymentPostprocessing = 0;
		};
		281E06F72E4ED90600D9AE73 /* Resources */ = {
			isa = PBXResourcesBuildPhase;
			buildActionMask = 2147483647;
			files = (
				281E07192E4ED97A00D9AE73 /* GoogleService-Info.plist in Resources */,
			);
			runOnlyForDeploymentPostprocessing = 0;
		};
		281E07012E4ED90600D9AE73 /* Resources */ = {
			isa = PBXResourcesBuildPhase;
			buildActionMask = 2147483647;
			files = (
				281E07172E4ED97A00D9AE73 /* GoogleService-Info.plist in Resources */,
			);
			runOnlyForDeploymentPostprocessing = 0;
		};
/* End PBXResourcesBuildPhase section */

/* Begin PBXSourcesBuildPhase section */
		281E06E82E4ED90400D9AE73 /* Sources */ = {
			isa = PBXSourcesBuildPhase;
			buildActionMask = 2147483647;
			files = (
			);
			runOnlyForDeploymentPostprocessing = 0;
		};
		281E06F52E4ED90600D9AE73 /* Sources */ = {
			isa = PBXSourcesBuildPhase;
			buildActionMask = 2147483647;
			files = (
			);
			runOnlyForDeploymentPostprocessing = 0;
		};
		281E06FF2E4ED90600D9AE73 /* Sources */ = {
			isa = PBXSourcesBuildPhase;
			buildActionMask = 2147483647;
			files = (
			);
			runOnlyForDeploymentPostprocessing = 0;
		};
/* End PBXSourcesBuildPhase section */

/* Begin PBXTargetDependency section */
		281E06FB2E4ED90600D9AE73 /* PBXTargetDependency */ = {
			isa = PBXTargetDependency;
			target = 281E06EB2E4ED90400D9AE73 /* yabou */;
			targetProxy = 281E06FA2E4ED90600D9AE73 /* PBXContainerItemProxy */;
		};
		281E07052E4ED90600D9AE73 /* PBXTargetDependency */ = {
			isa = PBXTargetDependency;
			target = 281E06EB2E4ED90400D9AE73 /* yabou */;
			targetProxy = 281E07042E4ED90600D9AE73 /* PBXContainerItemProxy */;
		};
/* End PBXTargetDependency section */

/* Begin XCBuildConfiguration section */
		281E070B2E4ED90600D9AE73 /* Debug */ = {
			isa = XCBuildConfiguration;
			buildSettings = {
				ALWAYS_SEARCH_USER_PATHS = NO;
				ASSETCATALOG_COMPILER_GENERATE_SWIFT_ASSET_SYMBOL_EXTENSIONS = YES;
				CLANG_ANALYZER_NONNULL = YES;
				CLANG_ANALYZER_NUMBER_OBJECT_CONVERSION = YES_AGGRESSIVE;
				CLANG_CXX_LANGUAGE_STANDARD = "gnu++20";
				CLANG_ENABLE_MODULES = YES;
				CLANG_ENABLE_OBJC_ARC = YES;
				CLANG_ENABLE_OBJC_WEAK = YES;
				CLANG_WARN_BLOCK_CAPTURE_AUTORELEASING = YES;
				CLANG_WARN_BOOL_CONVERSION = YES;
				CLANG_WARN_COMMA = YES;
				CLANG_WARN_CONSTANT_CONVERSION = YES;
				CLANG_WARN_DEPRECATED_OBJC_IMPLEMENTATIONS = YES;
				CLANG_WARN_DIRECT_OBJC_ISA_USAGE = YES_ERROR;
				CLANG_WARN_DOCUMENTATION_COMMENTS = YES;
				CLANG_WARN_EMPTY_BODY = YES;
				CLANG_WARN_ENUM_CONVERSION = YES;
				CLANG_WARN_INFINITE_RECURSION = YES;
				CLANG_WARN_INT_CONVERSION = YES;
				CLANG_WARN_NON_LITERAL_NULL_CONVERSION = YES;
				CLANG_WARN_OBJC_IMPLICIT_RETAIN_SELF = YES;
				CLANG_WARN_OBJC_LITERAL_CONVERSION = YES;
				CLANG_WARN_OBJC_ROOT_CLASS = YES_ERROR;
				CLANG_WARN_QUOTED_INCLUDE_IN_FRAMEWORK_HEADER = YES;
				CLANG_WARN_RANGE_LOOP_ANALYSIS = YES;
				CLANG_WARN_STRICT_PROTOTYPES = YES;
				CLANG_WARN_SUSPICIOUS_MOVE = YES;
				CLANG_WARN_UNGUARDED_AVAILABILITY = YES_AGGRESSIVE;
				CLANG_WARN_UNREACHABLE_CODE = YES;
				CLANG_WARN__DUPLICATE_METHOD_MATCH = YES;
				COPY_PHASE_STRIP = NO;
				DEBUG_INFORMATION_FORMAT = dwarf;
				ENABLE_STRICT_OBJC_MSGSEND = YES;
				ENABLE_TESTABILITY = YES;
				ENABLE_USER_SCRIPT_SANDBOXING = YES;
				GCC_C_LANGUAGE_STANDARD = gnu17;
				GCC_DYNAMIC_NO_PIC = NO;
				GCC_NO_COMMON_BLOCKS = YES;
				GCC_OPTIMIZATION_LEVEL = 0;
				GCC_PREPROCESSOR_DEFINITIONS = (
					"DEBUG=1",
					"$(inherited)",
				);
				GCC_WARN_64_TO_32_BIT_CONVERSION = YES;
				GCC_WARN_ABOUT_RETURN_TYPE = YES_ERROR;
				GCC_WARN_UNDECLARED_SELECTOR = YES;
				GCC_WARN_UNINITIALIZED_AUTOS = YES_AGGRESSIVE;
				GCC_WARN_UNUSED_FUNCTION = YES;
				GCC_WARN_UNUSED_VARIABLE = YES;
				IPHONEOS_DEPLOYMENT_TARGET = 18.5;
				LOCALIZATION_PREFERS_STRING_CATALOGS = YES;
				MTL_ENABLE_DEBUG_INFO = INCLUDE_SOURCE;
				MTL_FAST_MATH = YES;
				ONLY_ACTIVE_ARCH = YES;
				SDKROOT = iphoneos;
				SWIFT_ACTIVE_COMPILATION_CONDITIONS = "DEBUG $(inherited)";
				SWIFT_OPTIMIZATION_LEVEL = "-Onone";
			};
			name = Debug;
		};
		281E070C2E4ED90600D9AE73 /* Release */ = {
			isa = XCBuildConfiguration;
			buildSettings = {
				ALWAYS_SEARCH_USER_PATHS = NO;
				ASSETCATALOG_COMPILER_GENERATE_SWIFT_ASSET_SYMBOL_EXTENSIONS = YES;
				CLANG_ANALYZER_NONNULL = YES;
				CLANG_ANALYZER_NUMBER_OBJECT_CONVERSION = YES_AGGRESSIVE;
				CLANG_CXX_LANGUAGE_STANDARD = "gnu++20";
				CLANG_ENABLE_MODULES = YES;
				CLANG_ENABLE_OBJC_ARC = YES;
				CLANG_ENABLE_OBJC_WEAK = YES;
				CLANG_WARN_BLOCK_CAPTURE_AUTORELEASING = YES;
				CLANG_WARN_BOOL_CONVERSION = YES;
				CLANG_WARN_COMMA = YES;
				CLANG_WARN_CONSTANT_CONVERSION = YES;
				CLANG_WARN_DEPRECATED_OBJC_IMPLEMENTATIONS = YES;
				CLANG_WARN_DIRECT_OBJC_ISA_USAGE = YES_ERROR;
				CLANG_WARN_DOCUMENTATION_COMMENTS = YES;
				CLANG_WARN_EMPTY_BODY = YES;
				CLANG_WARN_ENUM_CONVERSION = YES;
				CLANG_WARN_INFINITE_RECURSION = YES;
				CLANG_WARN_INT_CONVERSION = YES;
				CLANG_WARN_NON_LITERAL_NULL_CONVERSION = YES;
				CLANG_WARN_OBJC_IMPLICIT_RETAIN_SELF = YES;
				CLANG_WARN_OBJC_LITERAL_CONVERSION = YES;
				CLANG_WARN_OBJC_ROOT_CLASS = YES_ERROR;
				CLANG_WARN_QUOTED_INCLUDE_IN_FRAMEWORK_HEADER = YES;
				CLANG_WARN_RANGE_LOOP_ANALYSIS = YES;
				CLANG_WARN_STRICT_PROTOTYPES = YES;
				CLANG_WARN_SUSPICIOUS_MOVE = YES;
				CLANG_WARN_UNGUARDED_AVAILABILITY = YES_AGGRESSIVE;
				CLANG_WARN_UNREACHABLE_CODE = YES;
				CLANG_WARN__DUPLICATE_METHOD_MATCH = YES;
				COPY_PHASE_STRIP = NO;
				DEBUG_INFORMATION_FORMAT = "dwarf-with-dsym";
				ENABLE_NS_ASSERTIONS = NO;
				ENABLE_STRICT_OBJC_MSGSEND = YES;
				ENABLE_USER_SCRIPT_SANDBOXING = YES;
				GCC_C_LANGUAGE_STANDARD = gnu17;
				GCC_NO_COMMON_BLOCKS = YES;
				GCC_WARN_64_TO_32_BIT_CONVERSION = YES;
				GCC_WARN_ABOUT_RETURN_TYPE = YES_ERROR;
				GCC_WARN_UNDECLARED_SELECTOR = YES;
				GCC_WARN_UNINITIALIZED_AUTOS = YES_AGGRESSIVE;
				GCC_WARN_UNUSED_FUNCTION = YES;
				GCC_WARN_UNUSED_VARIABLE = YES;
				IPHONEOS_DEPLOYMENT_TARGET = 18.5;
				LOCALIZATION_PREFERS_STRING_CATALOGS = YES;
				MTL_ENABLE_DEBUG_INFO = NO;
				MTL_FAST_MATH = YES;
				SDKROOT = iphoneos;
				SWIFT_COMPILATION_MODE = wholemodule;
				VALIDATE_PRODUCT = YES;
			};
			name = Release;
		};
		281E070E2E4ED90600D9AE73 /* Debug */ = {
			isa = XCBuildConfiguration;
			buildSettings = {
				ASSETCATALOG_COMPILER_APPICON_NAME = AppIcon;
				ASSETCATALOG_COMPILER_GLOBAL_ACCENT_COLOR_NAME = AccentColor;
				CODE_SIGN_STYLE = Automatic;
				CURRENT_PROJECT_VERSION = 1;
				ENABLE_PREVIEWS = YES;
				GENERATE_INFOPLIST_FILE = YES;
				INFOPLIST_FILE = yabou/Info.plist;
				INFOPLIST_KEY_UIApplicationSceneManifest_Generation = YES;
				INFOPLIST_KEY_UIApplicationSupportsIndirectInputEvents = YES;
				INFOPLIST_KEY_UILaunchScreen_Generation = YES;
				INFOPLIST_KEY_UISupportedInterfaceOrientations_iPad = "UIInterfaceOrientationPortrait UIInterfaceOrientationPortraitUpsideDown UIInterfaceOrientationLandscapeLeft UIInterfaceOrientationLandscapeRight";
				INFOPLIST_KEY_UISupportedInterfaceOrientations_iPhone = "UIInterfaceOrientationPortrait UIInterfaceOrientationLandscapeLeft UIInterfaceOrientationLandscapeRight";
				LD_RUNPATH_SEARCH_PATHS = (
					"$(inherited)",
					"@executable_path/Frameworks",
				);
				MARKETING_VERSION = 1.0;
				PRODUCT_BUNDLE_IDENTIFIER = com.company.appname.yabou;
				PRODUCT_NAME = "$(TARGET_NAME)";
				SWIFT_EMIT_LOC_STRINGS = YES;
				SWIFT_VERSION = 5.0;
				TARGETED_DEVICE_FAMILY = "1,2";
			};
			name = Debug;
		};
		281E070F2E4ED90600D9AE73 /* Release */ = {
			isa = XCBuildConfiguration;
			buildSettings = {
				ASSETCATALOG_COMPILER_APPICON_NAME = AppIcon;
				ASSETCATALOG_COMPILER_GLOBAL_ACCENT_COLOR_NAME = AccentColor;
				CODE_SIGN_STYLE = Automatic;
				CURRENT_PROJECT_VERSION = 1;
				ENABLE_PREVIEWS = YES;
				GENERATE_INFOPLIST_FILE = YES;
				INFOPLIST_FILE = yabou/Info.plist;
				INFOPLIST_KEY_UIApplicationSceneManifest_Generation = YES;
				INFOPLIST_KEY_UIApplicationSupportsIndirectInputEvents = YES;
				INFOPLIST_KEY_UILaunchScreen_Generation = YES;
				INFOPLIST_KEY_UISupportedInterfaceOrientations_iPad = "UIInterfaceOrientationPortrait UIInterfaceOrientationPortraitUpsideDown UIInterfaceOrientationLandscapeLeft UIInterfaceOrientationLandscapeRight";
				INFOPLIST_KEY_UISupportedInterfaceOrientations_iPhone = "UIInterfaceOrientationPortrait UIInterfaceOrientationLandscapeLeft UIInterfaceOrientationLandscapeRight";
				LD_RUNPATH_SEARCH_PATHS = (
					"$(inherited)",
					"@executable_path/Frameworks",
				);
				MARKETING_VERSION = 1.0;
				PRODUCT_BUNDLE_IDENTIFIER = com.company.appname.yabou;
				PRODUCT_NAME = "$(TARGET_NAME)";
				SWIFT_EMIT_LOC_STRINGS = YES;
				SWIFT_VERSION = 5.0;
				TARGETED_DEVICE_FAMILY = "1,2";
			};
			name = Release;
		};
		281E07112E4ED90600D9AE73 /* Debug */ = {
			isa = XCBuildConfiguration;
			buildSettings = {
				BUNDLE_LOADER = "$(TEST_HOST)";
				CODE_SIGN_STYLE = Automatic;
				CURRENT_PROJECT_VERSION = 1;
				GENERATE_INFOPLIST_FILE = YES;
				IPHONEOS_DEPLOYMENT_TARGET = 18.5;
				MARKETING_VERSION = 1.0;
				PRODUCT_BUNDLE_IDENTIFIER = com.company.appname.yabouTests;
				PRODUCT_NAME = "$(TARGET_NAME)";
				SWIFT_EMIT_LOC_STRINGS = NO;
				SWIFT_VERSION = 5.0;
				TARGETED_DEVICE_FAMILY = "1,2";
				TEST_HOST = "$(BUILT_PRODUCTS_DIR)/yabou.app/$(BUNDLE_EXECUTABLE_FOLDER_PATH)/yabou";
			};
			name = Debug;
		};
		281E07122E4ED90600D9AE73 /* Release */ = {
			isa = XCBuildConfiguration;
			buildSettings = {
				BUNDLE_LOADER = "$(TEST_HOST)";
				CODE_SIGN_STYLE = Automatic;
				CURRENT_PROJECT_VERSION = 1;
				GENERATE_INFOPLIST_FILE = YES;
				IPHONEOS_DEPLOYMENT_TARGET = 18.5;
				MARKETING_VERSION = 1.0;
				PRODUCT_BUNDLE_IDENTIFIER = com.company.appname.yabouTests;
				PRODUCT_NAME = "$(TARGET_NAME)";
				SWIFT_EMIT_LOC_STRINGS = NO;
				SWIFT_VERSION = 5.0;
				TARGETED_DEVICE_FAMILY = "1,2";
				TEST_HOST = "$(BUILT_PRODUCTS_DIR)/yabou.app/$(BUNDLE_EXECUTABLE_FOLDER_PATH)/yabou";
			};
			name = Release;
		};
		281E07142E4ED90600D9AE73 /* Debug */ = {
			isa = XCBuildConfiguration;
			buildSettings = {
				CODE_SIGN_STYLE = Automatic;
				CURRENT_PROJECT_VERSION = 1;
				GENERATE_INFOPLIST_FILE = YES;
				MARKETING_VERSION = 1.0;
				PRODUCT_BUNDLE_IDENTIFIER = com.company.appname.yabouUITests;
				PRODUCT_NAME = "$(TARGET_NAME)";
				SWIFT_EMIT_LOC_STRINGS = NO;
				SWIFT_VERSION = 5.0;
				TARGETED_DEVICE_FAMILY = "1,2";
				TEST_TARGET_NAME = yabou;
			};
			name = Debug;
		};
		281E07152E4ED90600D9AE73 /* Release */ = {
			isa = XCBuildConfiguration;
			buildSettings = {
				CODE_SIGN_STYLE = Automatic;
				CURRENT_PROJECT_VERSION = 1;
				GENERATE_INFOPLIST_FILE = YES;
				MARKETING_VERSION = 1.0;
				PRODUCT_BUNDLE_IDENTIFIER = com.company.appname.yabouUITests;
				PRODUCT_NAME = "$(TARGET_NAME)";
				SWIFT_EMIT_LOC_STRINGS = NO;
				SWIFT_VERSION = 5.0;
				TARGETED_DEVICE_FAMILY = "1,2";
				TEST_TARGET_NAME = yabou;
			};
			name = Release;
		};
/* End XCBuildConfiguration section */

/* Begin XCConfigurationList section */
		281E06E72E4ED90400D9AE73 /* Build configuration list for PBXProject "yabou" */ = {
			isa = XCConfigurationList;
			buildConfigurations = (
				281E070B2E4ED90600D9AE73 /* Debug */,
				281E070C2E4ED90600D9AE73 /* Release */,
			);
			defaultConfigurationIsVisible = 0;
			defaultConfigurationName = Release;
		};
		281E070D2E4ED90600D9AE73 /* Build configuration list for PBXNativeTarget "yabou" */ = {
			isa = XCConfigurationList;
			buildConfigurations = (
				281E070E2E4ED90600D9AE73 /* Debug */,
				281E070F2E4ED90600D9AE73 /* Release */,
			);
			defaultConfigurationIsVisible = 0;
			defaultConfigurationName = Release;
		};
		281E07102E4ED90600D9AE73 /* Build configuration list for PBXNativeTarget "yabouTests" */ = {
			isa = XCConfigurationList;
			buildConfigurations = (
				281E07112E4ED90600D9AE73 /* Debug */,
				281E07122E4ED90600D9AE73 /* Release */,
			);
			defaultConfigurationIsVisible = 0;
			defaultConfigurationName = Release;
		};
		281E07132E4ED90600D9AE73 /* Build configuration list for PBXNativeTarget "yabouUITests" */ = {
			isa = XCConfigurationList;
			buildConfigurations = (
				281E07142E4ED90600D9AE73 /* Debug */,
				281E07152E4ED90600D9AE73 /* Release */,
			);
			defaultConfigurationIsVisible = 0;
			defaultConfigurationName = Release;
		};
/* End XCConfigurationList section */

/* Begin XCRemoteSwiftPackageReference section */
		281E071A2E4EDABF00D9AE73 /* XCRemoteSwiftPackageReference "firebase-ios-sdk" */ = {
			isa = XCRemoteSwiftPackageReference;
			repositoryURL = "https://github.com/firebase/firebase-ios-sdk";
			requirement = {
				kind = upToNextMajorVersion;
				minimumVersion = 12.1.0;
			};
		};
/* End XCRemoteSwiftPackageReference section */

/* Begin XCSwiftPackageProductDependency section */
		281E071E2E4EE01500D9AE73 /* FirebaseCore */ = {
			isa = XCSwiftPackageProductDependency;
			package = 281E071A2E4EDABF00D9AE73 /* XCRemoteSwiftPackageReference "firebase-ios-sdk" */;
			productName = FirebaseCore;
		};
		281E07202E4EE14500D9AE73 /* FirebaseAuth */ = {
			isa = XCSwiftPackageProductDependency;
			package = 281E071A2E4EDABF00D9AE73 /* XCRemoteSwiftPackageReference "firebase-ios-sdk" */;
			productName = FirebaseAuth;
		};
		281E07222E4EE14500D9AE73 /* FirebaseFirestore */ = {
			isa = XCSwiftPackageProductDependency;
			package = 281E071A2E4EDABF00D9AE73 /* XCRemoteSwiftPackageReference "firebase-ios-sdk" */;
			productName = FirebaseFirestore;
		};
/* End XCSwiftPackageProductDependency section */
	};
	rootObject = 281E06E42E4ED90400D9AE73 /* Project object */;
}
